
Microsoft Visual Studio Solution File, Format Version 12.00
# Visual Studio Version 17
VisualStudioVersion = 17.13.35507.96
MinimumVisualStudioVersion = 10.0.40219.1
Project("{FAE04EC0-301F-11D3-BF4B-00C04F79EFBC}") = "Day00", "Day00\Day00.csproj", "{CF991CA3-C570-4AB0-70BB-2600E8BE248C}"
EndProject
Project("{FAE04EC0-301F-11D3-BF4B-00C04F79EFBC}") = "Day01", "Day01\Day01.csproj", "{8F1C4510-7484-8CE8-BA25-CBB653BE7547}"
EndProject
Project("{2150E333-8FDC-42A3-9474-1A3956D46DE8}") = "Solution Items", "Solution Items", "{02EA681E-C7D8-13C7-8484-4AC65E1B71E8}"
	ProjectSection(SolutionItems) = preProject
		.editorconfig = .editorconfig
		LICENSE.txt = LICENSE.txt
		README.md = README.md
	EndProjectSection
EndProject
Project("{FAE04EC0-301F-11D3-BF4B-00C04F79EFBC}") = "Day02", "Day02\Day02.csproj", "{06C2CA4F-90FA-3A6F-EF28-3707C2BCD472}"
EndProject
Project("{FAE04EC0-301F-11D3-BF4B-00C04F79EFBC}") = "Day03", "Day03\Day03.csproj", "{17B5370C-EA3B-34D0-E04D-6EA049A8ADF3}"
EndProject
Project("{FAE04EC0-301F-11D3-BF4B-00C04F79EFBC}") = "Day04", "Day04\Day04.csproj", "{ECE5B2CE-0640-8B33-D374-3BBE444A5DD8}"
EndProject
Project("{FAE04EC0-301F-11D3-BF4B-00C04F79EFBC}") = "Day05", "Day05\Day05.csproj", "{2AEF1B1B-38CA-A0D5-96ED-3BC636A658BE}"
EndProject
Project("{FAE04EC0-301F-11D3-BF4B-00C04F79EFBC}") = "Day06", "Day06\Day06.csproj", "{E349F3AE-FB19-8DF3-A20E-905D27CD49CA}"
EndProject
Project("{FAE04EC0-301F-11D3-BF4B-00C04F79EFBC}") = "Day07", "Day07\Day07.csproj", "{60E00293-57FE-BCF6-C9CF-D205C4962FCD}"
EndProject
Project("{FAE04EC0-301F-11D3-BF4B-00C04F79EFBC}") = "Day08", "Day08\Day08.csproj", "{853C58AE-9AA6-8A4C-E603-80B668E263DB}"
EndProject
Project("{FAE04EC0-301F-11D3-BF4B-00C04F79EFBC}") = "Day09", "Day09\Day09.csproj", "{43F6E008-E9BE-85DC-5F84-5F5F8D15EA22}"
EndProject
Project("{2150E333-8FDC-42A3-9474-1A3956D46DE8}") = "Week1", "Week1", "{842C3A1D-4A3E-4783-8C87-6DCFEFEE2659}"
EndProject
Project("{FAE04EC0-301F-11D3-BF4B-00C04F79EFBC}") = "Day10", "Day10\Day10.csproj", "{ED7BA45B-7E29-7DA6-D775-71BB00021BF4}"
EndProject
Project("{FAE04EC0-301F-11D3-BF4B-00C04F79EFBC}") = "Day11", "Day11\Day11.csproj", "{5ABBC634-5636-5F99-1C90-53DDE08328BE}"
EndProject
Project("{FAE04EC0-301F-11D3-BF4B-00C04F79EFBC}") = "Day12", "Day12\Day12.csproj", "{6F4E91A2-7BAD-206D-BAD6-4A5318FC153C}"
EndProject
Project("{FAE04EC0-301F-11D3-BF4B-00C04F79EFBC}") = "Day13", "Day13\Day13.csproj", "{B30492FF-7203-3EAC-B254-D60A0DAC7354}"
EndProject
Project("{FAE04EC0-301F-11D3-BF4B-00C04F79EFBC}") = "Day14", "Day14\Day14.csproj", "{869F3FAB-C35C-BFD4-15DF-615E79D383CE}"
EndProject
Project("{FAE04EC0-301F-11D3-BF4B-00C04F79EFBC}") = "Day17", "Day17\Day17.csproj", "{C93DE6CD-DAC0-B277-4EDB-333E512F14DC}"
EndProject
Project("{FAE04EC0-301F-11D3-BF4B-00C04F79EFBC}") = "Day18", "Day18\Day18.csproj", "{DDCE1826-4A0F-CCF9-4168-11F4A72C04F3}"
EndProject
Project("{FAE04EC0-301F-11D3-BF4B-00C04F79EFBC}") = "Day19", "Day19\Day19.csproj", "{EFCCE1BB-80E3-776F-A48B-E99E483717C5}"
EndProject
Global
	GlobalSection(SolutionConfigurationPlatforms) = preSolution
		Debug|Any CPU = Debug|Any CPU
		Release|Any CPU = Release|Any CPU
	EndGlobalSection
	GlobalSection(ProjectConfigurationPlatforms) = postSolution
		{CF991CA3-C570-4AB0-70BB-2600E8BE248C}.Debug|Any CPU.ActiveCfg = Debug|Any CPU
		{CF991CA3-C570-4AB0-70BB-2600E8BE248C}.Debug|Any CPU.Build.0 = Debug|Any CPU
		{CF991CA3-C570-4AB0-70BB-2600E8BE248C}.Release|Any CPU.ActiveCfg = Release|Any CPU
		{CF991CA3-C570-4AB0-70BB-2600E8BE248C}.Release|Any CPU.Build.0 = Release|Any CPU
		{8F1C4510-7484-8CE8-BA25-CBB653BE7547}.Debug|Any CPU.ActiveCfg = Debug|Any CPU
		{8F1C4510-7484-8CE8-BA25-CBB653BE7547}.Debug|Any CPU.Build.0 = Debug|Any CPU
		{8F1C4510-7484-8CE8-BA25-CBB653BE7547}.Release|Any CPU.ActiveCfg = Release|Any CPU
		{8F1C4510-7484-8CE8-BA25-CBB653BE7547}.Release|Any CPU.Build.0 = Release|Any CPU
		{06C2CA4F-90FA-3A6F-EF28-3707C2BCD472}.Debug|Any CPU.ActiveCfg = Debug|Any CPU
		{06C2CA4F-90FA-3A6F-EF28-3707C2BCD472}.Debug|Any CPU.Build.0 = Debug|Any CPU
		{06C2CA4F-90FA-3A6F-EF28-3707C2BCD472}.Release|Any CPU.ActiveCfg = Release|Any CPU
		{06C2CA4F-90FA-3A6F-EF28-3707C2BCD472}.Release|Any CPU.Build.0 = Release|Any CPU
		{17B5370C-EA3B-34D0-E04D-6EA049A8ADF3}.Debug|Any CPU.ActiveCfg = Debug|Any CPU
		{17B5370C-EA3B-34D0-E04D-6EA049A8ADF3}.Debug|Any CPU.Build.0 = Debug|Any CPU
		{17B5370C-EA3B-34D0-E04D-6EA049A8ADF3}.Release|Any CPU.ActiveCfg = Release|Any CPU
		{17B5370C-EA3B-34D0-E04D-6EA049A8ADF3}.Release|Any CPU.Build.0 = Release|Any CPU
		{ECE5B2CE-0640-8B33-D374-3BBE444A5DD8}.Debug|Any CPU.ActiveCfg = Debug|Any CPU
		{ECE5B2CE-0640-8B33-D374-3BBE444A5DD8}.Debug|Any CPU.Build.0 = Debug|Any CPU
		{ECE5B2CE-0640-8B33-D374-3BBE444A5DD8}.Release|Any CPU.ActiveCfg = Release|Any CPU
		{ECE5B2CE-0640-8B33-D374-3BBE444A5DD8}.Release|Any CPU.Build.0 = Release|Any CPU
		{2AEF1B1B-38CA-A0D5-96ED-3BC636A658BE}.Debug|Any CPU.ActiveCfg = Debug|Any CPU
		{2AEF1B1B-38CA-A0D5-96ED-3BC636A658BE}.Debug|Any CPU.Build.0 = Debug|Any CPU
		{2AEF1B1B-38CA-A0D5-96ED-3BC636A658BE}.Release|Any CPU.ActiveCfg = Release|Any CPU
		{2AEF1B1B-38CA-A0D5-96ED-3BC636A658BE}.Release|Any CPU.Build.0 = Release|Any CPU
		{E349F3AE-FB19-8DF3-A20E-905D27CD49CA}.Debug|Any CPU.ActiveCfg = Debug|Any CPU
		{E349F3AE-FB19-8DF3-A20E-905D27CD49CA}.Debug|Any CPU.Build.0 = Debug|Any CPU
		{E349F3AE-FB19-8DF3-A20E-905D27CD49CA}.Release|Any CPU.ActiveCfg = Release|Any CPU
		{E349F3AE-FB19-8DF3-A20E-905D27CD49CA}.Release|Any CPU.Build.0 = Release|Any CPU
		{60E00293-57FE-BCF6-C9CF-D205C4962FCD}.Debug|Any CPU.ActiveCfg = Debug|Any CPU
		{60E00293-57FE-BCF6-C9CF-D205C4962FCD}.Debug|Any CPU.Build.0 = Debug|Any CPU
		{60E00293-57FE-BCF6-C9CF-D205C4962FCD}.Release|Any CPU.ActiveCfg = Release|Any CPU
		{60E00293-57FE-BCF6-C9CF-D205C4962FCD}.Release|Any CPU.Build.0 = Release|Any CPU
		{853C58AE-9AA6-8A4C-E603-80B668E263DB}.Debug|Any CPU.ActiveCfg = Debug|Any CPU
		{853C58AE-9AA6-8A4C-E603-80B668E263DB}.Debug|Any CPU.Build.0 = Debug|Any CPU
		{853C58AE-9AA6-8A4C-E603-80B668E263DB}.Release|Any CPU.ActiveCfg = Release|Any CPU
		{853C58AE-9AA6-8A4C-E603-80B668E263DB}.Release|Any CPU.Build.0 = Release|Any CPU
		{43F6E008-E9BE-85DC-5F84-5F5F8D15EA22}.Debug|Any CPU.ActiveCfg = Debug|Any CPU
		{43F6E008-E9BE-85DC-5F84-5F5F8D15EA22}.Debug|Any CPU.Build.0 = Debug|Any CPU
		{43F6E008-E9BE-85DC-5F84-5F5F8D15EA22}.Release|Any CPU.ActiveCfg = Release|Any CPU
		{43F6E008-E9BE-85DC-5F84-5F5F8D15EA22}.Release|Any CPU.Build.0 = Release|Any CPU
		{ED7BA45B-7E29-7DA6-D775-71BB00021BF4}.Debug|Any CPU.ActiveCfg = Debug|Any CPU
		{ED7BA45B-7E29-7DA6-D775-71BB00021BF4}.Debug|Any CPU.Build.0 = Debug|Any CPU
		{ED7BA45B-7E29-7DA6-D775-71BB00021BF4}.Release|Any CPU.ActiveCfg = Release|Any CPU
		{ED7BA45B-7E29-7DA6-D775-71BB00021BF4}.Release|Any CPU.Build.0 = Release|Any CPU
		{5ABBC634-5636-5F99-1C90-53DDE08328BE}.Debug|Any CPU.ActiveCfg = Debug|Any CPU
		{5ABBC634-5636-5F99-1C90-53DDE08328BE}.Debug|Any CPU.Build.0 = Debug|Any CPU
		{5ABBC634-5636-5F99-1C90-53DDE08328BE}.Release|Any CPU.ActiveCfg = Release|Any CPU
		{5ABBC634-5636-5F99-1C90-53DDE08328BE}.Release|Any CPU.Build.0 = Release|Any CPU
		{6F4E91A2-7BAD-206D-BAD6-4A5318FC153C}.Debug|Any CPU.ActiveCfg = Debug|Any CPU
		{6F4E91A2-7BAD-206D-BAD6-4A5318FC153C}.Debug|Any CPU.Build.0 = Debug|Any CPU
		{6F4E91A2-7BAD-206D-BAD6-4A5318FC153C}.Release|Any CPU.ActiveCfg = Release|Any CPU
		{6F4E91A2-7BAD-206D-BAD6-4A5318FC153C}.Release|Any CPU.Build.0 = Release|Any CPU
		{B30492FF-7203-3EAC-B254-D60A0DAC7354}.Debug|Any CPU.ActiveCfg = Debug|Any CPU
		{B30492FF-7203-3EAC-B254-D60A0DAC7354}.Debug|Any CPU.Build.0 = Debug|Any CPU
		{B30492FF-7203-3EAC-B254-D60A0DAC7354}.Release|Any CPU.ActiveCfg = Release|Any CPU
		{B30492FF-7203-3EAC-B254-D60A0DAC7354}.Release|Any CPU.Build.0 = Release|Any CPU
		{869F3FAB-C35C-BFD4-15DF-615E79D383CE}.Debug|Any CPU.ActiveCfg = Debug|Any CPU
		{869F3FAB-C35C-BFD4-15DF-615E79D383CE}.Debug|Any CPU.Build.0 = Debug|Any CPU
		{869F3FAB-C35C-BFD4-15DF-615E79D383CE}.Release|Any CPU.ActiveCfg = Release|Any CPU
		{869F3FAB-C35C-BFD4-15DF-615E79D383CE}.Release|Any CPU.Build.0 = Release|Any CPU
		{C93DE6CD-DAC0-B277-4EDB-333E512F14DC}.Debug|Any CPU.ActiveCfg = Debug|Any CPU
		{C93DE6CD-DAC0-B277-4EDB-333E512F14DC}.Debug|Any CPU.Build.0 = Debug|Any CPU
		{C93DE6CD-DAC0-B277-4EDB-333E512F14DC}.Release|Any CPU.ActiveCfg = Release|Any CPU
		{C93DE6CD-DAC0-B277-4EDB-333E512F14DC}.Release|Any CPU.Build.0 = Release|Any CPU
		{DDCE1826-4A0F-CCF9-4168-11F4A72C04F3}.Debug|Any CPU.ActiveCfg = Debug|Any CPU
		{DDCE1826-4A0F-CCF9-4168-11F4A72C04F3}.Debug|Any CPU.Build.0 = Debug|Any CPU
		{DDCE1826-4A0F-CCF9-4168-11F4A72C04F3}.Release|Any CPU.ActiveCfg = Release|Any CPU
		{DDCE1826-4A0F-CCF9-4168-11F4A72C04F3}.Release|Any CPU.Build.0 = Release|Any CPU
		{EFCCE1BB-80E3-776F-A48B-E99E483717C5}.Debug|Any CPU.ActiveCfg = Debug|Any CPU
		{EFCCE1BB-80E3-776F-A48B-E99E483717C5}.Debug|Any CPU.Build.0 = Debug|Any CPU
		{EFCCE1BB-80E3-776F-A48B-E99E483717C5}.Release|Any CPU.ActiveCfg = Release|Any CPU
		{EFCCE1BB-80E3-776F-A48B-E99E483717C5}.Release|Any CPU.Build.0 = Release|Any CPU
	EndGlobalSection
	GlobalSection(SolutionProperties) = preSolution
		HideSolutionNode = FALSE
	EndGlobalSection
	GlobalSection(NestedProjects) = preSolution
		{8F1C4510-7484-8CE8-BA25-CBB653BE7547} = {842C3A1D-4A3E-4783-8C87-6DCFEFEE2659}
		{06C2CA4F-90FA-3A6F-EF28-3707C2BCD472} = {842C3A1D-4A3E-4783-8C87-6DCFEFEE2659}
		{17B5370C-EA3B-34D0-E04D-6EA049A8ADF3} = {842C3A1D-4A3E-4783-8C87-6DCFEFEE2659}
		{ECE5B2CE-0640-8B33-D374-3BBE444A5DD8} = {842C3A1D-4A3E-4783-8C87-6DCFEFEE2659}
		{2AEF1B1B-38CA-A0D5-96ED-3BC636A658BE} = {842C3A1D-4A3E-4783-8C87-6DCFEFEE2659}
		{E349F3AE-FB19-8DF3-A20E-905D27CD49CA} = {842C3A1D-4A3E-4783-8C87-6DCFEFEE2659}
		{60E00293-57FE-BCF6-C9CF-D205C4962FCD} = {842C3A1D-4A3E-4783-8C87-6DCFEFEE2659}
	EndGlobalSection
	GlobalSection(ExtensibilityGlobals) = postSolution
		SolutionGuid = {995ACB61-DB4D-4142-8154-D533B0CC8D01}
	EndGlobalSection
EndGlobal
