
Microsoft Visual Studio Solution File, Format Version 12.00
# Visual Studio Version 17
VisualStudioVersion = 17.13.35507.96 d17.13
MinimumVisualStudioVersion = 10.0.40219.1
Project("{FAE04EC0-301F-11D3-BF4B-00C04F79EFBC}") = "AdventOfCode_2024", "AdventOfCode_2024\AdventOfCode_2024.csproj", "{5E2FED14-A947-48E3-9AB4-A68EBD2D975C}"
EndProject
Global
	GlobalSection(SolutionConfigurationPlatforms) = preSolution
		Debug|Any CPU = Debug|Any CPU
		Release|Any CPU = Release|Any CPU
	EndGlobalSection
	GlobalSection(ProjectConfigurationPlatforms) = postSolution
		{5E2FED14-A947-48E3-9AB4-A68EBD2D975C}.Debug|Any CPU.ActiveCfg = Debug|Any CPU
		{5E2FED14-A947-48E3-9AB4-A68EBD2D975C}.Debug|Any CPU.Build.0 = Debug|Any CPU
		{5E2FED14-A947-48E3-9AB4-A68EBD2D975C}.Release|Any CPU.ActiveCfg = Release|Any CPU
		{5E2FED14-A947-48E3-9AB4-A68EBD2D975C}.Release|Any CPU.Build.0 = Release|Any CPU
	EndGlobalSection
	GlobalSection(SolutionProperties) = preSolution
		HideSolutionNode = FALSE
	EndGlobalSection
	GlobalSection(ExtensibilityGlobals) = postSolution
		SolutionGuid = {61F848EA-E56C-463F-82FB-90270F486F98}
	EndGlobalSection
EndGlobal
